<Project xmlns="http://schemas.microsoft.com/developer/msbuild/2003">
    <PropertyGroup>
        <ProjectGuid>{de580c84-ab95-45ae-b45f-e05fe9fde940}</ProjectGuid>
        <MainSource>BibleQuote6.dpr</MainSource>
        <Configuration Condition=" '$(Configuration)' == '' ">Debug</Configuration>
        <DCC_DCCCompiler>DCC32</DCC_DCCCompiler>
        <DCC_DependencyCheckOutputName>.\output\BibleQuote6.exe</DCC_DependencyCheckOutputName>
        <FrameworkType>VCL</FrameworkType>
        <ProjectVersion>18.2</ProjectVersion>
        <Base>True</Base>
        <Config Condition="'$(Config)'==''">Debug</Config>
        <Platform Condition="'$(Platform)'==''">Win32</Platform>
        <TargetedPlatforms>1</TargetedPlatforms>
        <AppType>Application</AppType>
    </PropertyGroup>
    <PropertyGroup Condition="'$(Config)'=='Base' or '$(Base)'!=''">
        <Base>true</Base>
    </PropertyGroup>
    <PropertyGroup Condition="('$(Platform)'=='Win32' and '$(Base)'=='true') or '$(Base_Win32)'!=''">
        <Base_Win32>true</Base_Win32>
        <CfgParent>Base</CfgParent>
        <Base>true</Base>
    </PropertyGroup>
    <PropertyGroup Condition="('$(Platform)'=='Win64' and '$(Base)'=='true') or '$(Base_Win64)'!=''">
        <Base_Win64>true</Base_Win64>
        <CfgParent>Base</CfgParent>
        <Base>true</Base>
    </PropertyGroup>
    <PropertyGroup Condition="'$(Config)'=='Release' or '$(Cfg_1)'!=''">
        <Cfg_1>true</Cfg_1>
        <CfgParent>Base</CfgParent>
        <Base>true</Base>
    </PropertyGroup>
    <PropertyGroup Condition="('$(Platform)'=='Win32' and '$(Cfg_1)'=='true') or '$(Cfg_1_Win32)'!=''">
        <Cfg_1_Win32>true</Cfg_1_Win32>
        <CfgParent>Cfg_1</CfgParent>
        <Cfg_1>true</Cfg_1>
        <Base>true</Base>
    </PropertyGroup>
    <PropertyGroup Condition="'$(Config)'=='Debug' or '$(Cfg_2)'!=''">
        <Cfg_2>true</Cfg_2>
        <CfgParent>Base</CfgParent>
        <Base>true</Base>
    </PropertyGroup>
    <PropertyGroup Condition="('$(Platform)'=='Win32' and '$(Cfg_2)'=='true') or '$(Cfg_2_Win32)'!=''">
        <Cfg_2_Win32>true</Cfg_2_Win32>
        <CfgParent>Cfg_2</CfgParent>
        <Cfg_2>true</Cfg_2>
        <Base>true</Base>
    </PropertyGroup>
    <PropertyGroup Condition="'$(Base)'!=''">
        <SanitizedProjectName>BibleQuote6</SanitizedProjectName>
        <DCC_Namespace>Vcl;Vcl.Imaging;Vcl.Touch;Vcl.Samples;Vcl.Shell;System;Xml;Data;Datasnap;Web;Soap;Winapi;WinAPI.UI;$(DCC_Namespace)</DCC_Namespace>
        <VerInfo_IncludeVerInfo>true</VerInfo_IncludeVerInfo>
        <VerInfo_AutoGenVersion>true</VerInfo_AutoGenVersion>
        <VerInfo_MajorVer>6</VerInfo_MajorVer>
        <VerInfo_Release>1</VerInfo_Release>
        <VerInfo_Build>1347</VerInfo_Build>
        <VerInfo_Private>true</VerInfo_Private>
        <VerInfo_Locale>1049</VerInfo_Locale>
        <VerInfo_Keys>CompanyName=DevAlek;FileDescription=BibleQuote 6 - Bible Research and Study Tool;FileVersion=6.0.1.1347;InternalName=BibleQuote;LegalCopyright=GNU GPL v2;LegalTrademarks=;OriginalFilename=BibleQuote;ProductName=BibleQuote 6;ProductVersion=6.0.1b9e;Comments=Bible Research and Study Tool;PrivateBuild=Yes</VerInfo_Keys>
    </PropertyGroup>
    <PropertyGroup Condition="'$(Base_Win32)'!=''">
        <DCC_Namespace>System.Win;Data.Win;Datasnap.Win;Web.Win;Soap.Win;Xml.Win;Bde;$(DCC_Namespace)</DCC_Namespace>
        <BT_BuildType>Debug</BT_BuildType>
        <VerInfo_IncludeVerInfo>true</VerInfo_IncludeVerInfo>
        <VerInfo_Keys>CompanyName=;FileDescription=$(MSBuildProjectName);FileVersion=1.0.0.0;InternalName=;LegalCopyright=;LegalTrademarks=;OriginalFilename=;ProductName=$(MSBuildProjectName);ProductVersion=1.0.0.0;Comments=;ProgramID=com.embarcadero.$(MSBuildProjectName)</VerInfo_Keys>
        <VerInfo_Locale>1033</VerInfo_Locale>
        <Manifest_File>$(BDS)\bin\default_app.manifest</Manifest_File>
        <Debugger_RunParams>/DEBUG /MemCheck</Debugger_RunParams>
        <Icon_MainIcon>BibleQuote6_Icon.ico</Icon_MainIcon>
        <AppEnableRuntimeThemes>true</AppEnableRuntimeThemes>
        <UWP_DelphiLogo44>$(BDS)\bin\Artwork\Windows\UWP\delphi_UwpDefault_44.png</UWP_DelphiLogo44>
        <UWP_DelphiLogo150>$(BDS)\bin\Artwork\Windows\UWP\delphi_UwpDefault_150.png</UWP_DelphiLogo150>
    </PropertyGroup>
    <PropertyGroup Condition="'$(Base_Win64)'!=''">
        <Icon_MainIcon>BibleQuote6_Icon.ico</Icon_MainIcon>
        <UWP_DelphiLogo44>$(BDS)\bin\Artwork\Windows\UWP\delphi_UwpDefault_44.png</UWP_DelphiLogo44>
        <UWP_DelphiLogo150>$(BDS)\bin\Artwork\Windows\UWP\delphi_UwpDefault_150.png</UWP_DelphiLogo150>
    </PropertyGroup>
    <PropertyGroup Condition="'$(Cfg_1)'!=''">
        <Version>7.0</Version>
        <DCC_DebugInformation>0</DCC_DebugInformation>
        <DCC_WriteableConstants>True</DCC_WriteableConstants>
        <DCC_LocalDebugSymbols>False</DCC_LocalDebugSymbols>
        <DCC_Optimize>False</DCC_Optimize>
        <DCC_GenerateStackFrames>True</DCC_GenerateStackFrames>
        <DCC_SymbolReferenceInfo>0</DCC_SymbolReferenceInfo>
        <DCC_MapFile>3</DCC_MapFile>
        <DCC_ExeOutput>h:\BibleQuote 5 Bibliologia Edition</DCC_ExeOutput>
        <DCC_UnitSearchPath>L:\devsoft\Components\jcl211\lib\d10\debug;$(BDS)\lib\Debug;$(BDS)\Lib\Debug\Indy10;$(BDS)\Lib\Debug\Indy9;.\Delphi Unicode Controls\Source;.\Thtml\package;.\Tray\TrayIcon;.\HotKey;.\SevenZip;h:\devsoft\myprojects\bqnet\BibleQuote6\Virtual Treeview\Source;h:\devsoft\Components\jcl211\source\common\;h:\devsoft\myprojects\bqnet\BibleQuote6\ASqlite3Components;H:\devsoft\myprojects\bqnet\BibleQuote6\jcl\source\windows;H:\devsoft\myprojects\bqnet\BibleQuote6\jcl\source\common;H:\devsoft\myprojects\bqnet\BibleQuote6\jcl\source\include;$(DCC_UnitSearchPath)</DCC_UnitSearchPath>
        <DCC_ResourcePath>L:\devsoft\Components\jcl211\lib\d10\debug;$(BDS)\lib\Debug;$(BDS)\Lib\Debug\Indy10;$(BDS)\Lib\Debug\Indy9;.\Delphi Unicode Controls\Source;.\Thtml\package;.\Tray\TrayIcon;.\HotKey;.\SevenZip;h:\devsoft\myprojects\bqnet\BibleQuote6\Virtual Treeview\Source;h:\devsoft\Components\jcl211\source\common\;h:\devsoft\myprojects\bqnet\BibleQuote6\ASqlite3Components;H:\devsoft\myprojects\bqnet\BibleQuote6\jcl\source\windows;H:\devsoft\myprojects\bqnet\BibleQuote6\jcl\source\common;H:\devsoft\myprojects\bqnet\BibleQuote6\jcl\source\include;$(DCC_ResourcePath)</DCC_ResourcePath>
        <DCC_ObjPath>L:\devsoft\Components\jcl211\lib\d10\debug;$(BDS)\lib\Debug;$(BDS)\Lib\Debug\Indy10;$(BDS)\Lib\Debug\Indy9;.\Delphi Unicode Controls\Source;.\Thtml\package;.\Tray\TrayIcon;.\HotKey;.\SevenZip;h:\devsoft\myprojects\bqnet\BibleQuote6\Virtual Treeview\Source;h:\devsoft\Components\jcl211\source\common\;h:\devsoft\myprojects\bqnet\BibleQuote6\ASqlite3Components;H:\devsoft\myprojects\bqnet\BibleQuote6\jcl\source\windows;H:\devsoft\myprojects\bqnet\BibleQuote6\jcl\source\common;H:\devsoft\myprojects\bqnet\BibleQuote6\jcl\source\include;$(DCC_ObjPath)</DCC_ObjPath>
        <DCC_IncludePath>L:\devsoft\Components\jcl211\lib\d10\debug;$(BDS)\lib\Debug;$(BDS)\Lib\Debug\Indy10;$(BDS)\Lib\Debug\Indy9;.\Delphi Unicode Controls\Source;.\Thtml\package;.\Tray\TrayIcon;.\HotKey;.\SevenZip;h:\devsoft\myprojects\bqnet\BibleQuote6\Virtual Treeview\Source;h:\devsoft\Components\jcl211\source\common\;h:\devsoft\myprojects\bqnet\BibleQuote6\ASqlite3Components;H:\devsoft\myprojects\bqnet\BibleQuote6\jcl\source\windows;H:\devsoft\myprojects\bqnet\BibleQuote6\jcl\source\common;H:\devsoft\myprojects\bqnet\BibleQuote6\jcl\source\include;$(DCC_IncludePath)</DCC_IncludePath>
        <DCC_Define>SMARTFONTS;RELEASE;$(DCC_Define)</DCC_Define>
        <DCC_CodePage>1251</DCC_CodePage>
    </PropertyGroup>
    <PropertyGroup Condition="'$(Cfg_1_Win32)'!=''">
        <AppEnableRuntimeThemes>true</AppEnableRuntimeThemes>
        <AppEnableHighDPI>true</AppEnableHighDPI>
    </PropertyGroup>
    <PropertyGroup Condition="'$(Cfg_2)'!=''">
        <Version>7.0</Version>
        <DCC_WriteableConstants>True</DCC_WriteableConstants>
        <DCC_SymbolReferenceInfo>2</DCC_SymbolReferenceInfo>
        <DCC_MapFile>3</DCC_MapFile>
        <DCC_ExeOutput>.\output\</DCC_ExeOutput>
        <DCC_UnitSearchPath>.\Tray\source;.\HotKey;.\SevenZip;.\Virtual Treeview\Source;.\ASqlite3Components;.\jcl\source\windows;.\jcl\source\common;.\jcl\source\include;.\GLibWMI\sources;.\rkcontrols;.\htmlviewsb;$(DCC_UnitSearchPath)</DCC_UnitSearchPath>
        <DCC_ResourcePath>$(BDS)\Lib\Debug\Indy9;.\Delphi Unicode Controls\Source;.\Thtml\package;.\Tray\TrayIcon;.\HotKey;.\SevenZip;h:\devsoft\myprojects\bqnet\BibleQuote6\Virtual Treeview\Source;h:\devsoft\Components\jcl211\source\common\;h:\devsoft\myprojects\bqnet\BibleQuote6\ASqlite3Components;H:\devsoft\myprojects\bqnet\BibleQuote6\jcl\source\windows;H:\devsoft\myprojects\bqnet\BibleQuote6\jcl\source\common;H:\devsoft\myprojects\bqnet\BibleQuote6\jcl\source\include;H:\devsoft\Components\Faster TCP;$(DCC_ResourcePath)</DCC_ResourcePath>
        <DCC_ObjPath>$(BDS)\Lib\Debug\Indy9;.\Delphi Unicode Controls\Source;.\Thtml\package;.\Tray\TrayIcon;.\HotKey;.\SevenZip;h:\devsoft\myprojects\bqnet\BibleQuote6\Virtual Treeview\Source;h:\devsoft\Components\jcl211\source\common\;h:\devsoft\myprojects\bqnet\BibleQuote6\ASqlite3Components;H:\devsoft\myprojects\bqnet\BibleQuote6\jcl\source\windows;H:\devsoft\myprojects\bqnet\BibleQuote6\jcl\source\common;H:\devsoft\myprojects\bqnet\BibleQuote6\jcl\source\include;H:\devsoft\Components\Faster TCP;$(DCC_ObjPath)</DCC_ObjPath>
        <DCC_IncludePath>$(BDS)\Lib\Debug\Indy9;.\Delphi Unicode Controls\Source;.\Thtml\package;.\Tray\TrayIcon;.\HotKey;.\SevenZip;h:\devsoft\myprojects\bqnet\BibleQuote6\Virtual Treeview\Source;h:\devsoft\Components\jcl211\source\common\;h:\devsoft\myprojects\bqnet\BibleQuote6\ASqlite3Components;H:\devsoft\myprojects\bqnet\BibleQuote6\jcl\source\windows;H:\devsoft\myprojects\bqnet\BibleQuote6\jcl\source\common;H:\devsoft\myprojects\bqnet\BibleQuote6\jcl\source\include;H:\devsoft\Components\Faster TCP;$(DCC_IncludePath)</DCC_IncludePath>
        <DCC_Define>SMARTFONTS;DEBUG;$(DCC_Define)</DCC_Define>
        <DCC_CodePage>1251</DCC_CodePage>
        <DCC_Optimize>False</DCC_Optimize>
        <DCC_GenerateStackFrames>True</DCC_GenerateStackFrames>
    </PropertyGroup>
    <PropertyGroup Condition="'$(Cfg_2_Win32)'!=''">
        <AppEnableRuntimeThemes>true</AppEnableRuntimeThemes>
        <AppEnableHighDPI>true</AppEnableHighDPI>
        <VerInfo_MajorVer>1</VerInfo_MajorVer>
        <VerInfo_Release>0</VerInfo_Release>
        <VerInfo_Build>0</VerInfo_Build>
        <VerInfo_Locale>1033</VerInfo_Locale>
        <VerInfo_Keys>CompanyName=;FileDescription=$(MSBuildProjectName);FileVersion=1.0.0.0;InternalName=;LegalCopyright=;LegalTrademarks=;OriginalFilename=;ProductName=$(MSBuildProjectName);ProductVersion=1.0.0.0;Comments=;ProgramID=com.embarcadero.$(MSBuildProjectName)</VerInfo_Keys>
        <DCC_ExeOutput>.\output\</DCC_ExeOutput>
        <PostBuildEvent><![CDATA[xcopy "$(PROJECTDIR)\res\*.lng" "$(OUTPUTDIR)" /d /s /y
xcopy "$(PROJECTDIR)\SevenZip\7za.dll" "$(OUTPUTDIR)" /d /y
$(PostBuildEvent)]]></PostBuildEvent>
    </PropertyGroup>
    <ProjectExtensions>
        <Borland.Personality>Delphi.Personality.12</Borland.Personality>
        <Borland.ProjectType/>
        <BorlandProject>
            <Delphi.Personality>
                <Parameters>
                    <Parameters Name="RunParams">/DEBUG /MemCheck</Parameters>
                    <Parameters Name="UseLauncher">False</Parameters>
                    <Parameters Name="LoadAllSymbols">True</Parameters>
                    <Parameters Name="LoadUnspecifiedSymbols">False</Parameters>
                </Parameters>
                <VersionInfo>
                    <VersionInfo Name="IncludeVerInfo">True</VersionInfo>
                    <VersionInfo Name="AutoIncBuild">True</VersionInfo>
                    <VersionInfo Name="MajorVer">6</VersionInfo>
                    <VersionInfo Name="MinorVer">0</VersionInfo>
                    <VersionInfo Name="Release">1</VersionInfo>
                    <VersionInfo Name="Build">1347</VersionInfo>
                    <VersionInfo Name="Debug">False</VersionInfo>
                    <VersionInfo Name="PreRelease">False</VersionInfo>
                    <VersionInfo Name="Special">False</VersionInfo>
                    <VersionInfo Name="Private">True</VersionInfo>
                    <VersionInfo Name="DLL">False</VersionInfo>
                    <VersionInfo Name="Locale">1049</VersionInfo>
                    <VersionInfo Name="CodePage">1251</VersionInfo>
                </VersionInfo>
                <VersionInfoKeys>
                    <VersionInfoKeys Name="CompanyName">DevAlek</VersionInfoKeys>
                    <VersionInfoKeys Name="FileDescription">BibleQuote 6 - Bible Research and Study Tool</VersionInfoKeys>
                    <VersionInfoKeys Name="FileVersion">6.0.1.1347</VersionInfoKeys>
                    <VersionInfoKeys Name="InternalName">BibleQuote</VersionInfoKeys>
                    <VersionInfoKeys Name="LegalCopyright">GNU GPL v2</VersionInfoKeys>
                    <VersionInfoKeys Name="LegalTrademarks"/>
                    <VersionInfoKeys Name="OriginalFilename">BibleQuote</VersionInfoKeys>
                    <VersionInfoKeys Name="ProductName">BibleQuote 6</VersionInfoKeys>
                    <VersionInfoKeys Name="ProductVersion">6.0.1b9e</VersionInfoKeys>
                    <VersionInfoKeys Name="Comments">Bible Research and Study Tool</VersionInfoKeys>
                    <VersionInfoKeys Name="PrivateBuild">Yes</VersionInfoKeys>
                </VersionInfoKeys>
                <Excluded_Packages>
                    <Excluded_Packages Name="$(BDSBIN)\dcloffice2k250.bpl">Microsoft Office 2000 Sample Automation Server Wrapper Components</Excluded_Packages>
                    <Excluded_Packages Name="$(BDSBIN)\dclofficexp250.bpl">Microsoft Office XP Sample Automation Server Wrapper Components</Excluded_Packages>
                </Excluded_Packages>
                <Source>
                    <Source Name="MainSource">BibleQuote6.dpr</Source>
                </Source>
            </Delphi.Personality>
            <Platforms>
                <Platform value="Win32">True</Platform>
                <Platform value="Win64">False</Platform>
            </Platforms>
            <Deployment Version="3">
                <DeployFile LocalName="ModelSupport_BibleQuote6\default.txaPackage" Configuration="Debug" Class="ProjectFile">
                    <Platform Name="Win32">
                        <RemoteDir>.\</RemoteDir>
                        <Overwrite>true</Overwrite>
                    </Platform>
                </DeployFile>
                <DeployFile LocalName="output\BibleQuote6.exe" Configuration="Debug" Class="ProjectOutput">
                    <Platform Name="Win32">
                        <RemoteName>BibleQuote6.exe</RemoteName>
                        <Overwrite>true</Overwrite>
                    </Platform>
                </DeployFile>
                <DeployClass Name="AdditionalDebugSymbols">
                    <Platform Name="iOSSimulator">
                        <Operation>1</Operation>
                    </Platform>
                    <Platform Name="OSX32">
                        <RemoteDir>Contents\MacOS</RemoteDir>
                        <Operation>1</Operation>
                    </Platform>
                    <Platform Name="Win32">
                        <RemoteDir>Contents\MacOS</RemoteDir>
                        <Operation>0</Operation>
                    </Platform>
                </DeployClass>
                <DeployClass Name="AndroidClassesDexFile">
                    <Platform Name="Android">
                        <RemoteDir>classes</RemoteDir>
                        <Operation>1</Operation>
                    </Platform>
                </DeployClass>
                <DeployClass Name="AndroidGDBServer">
                    <Platform Name="Android">
                        <RemoteDir>library\lib\armeabi-v7a</RemoteDir>
                        <Operation>1</Operation>
                    </Platform>
                </DeployClass>
                <DeployClass Name="AndroidLibnativeArmeabiFile">
                    <Platform Name="Android">
                        <RemoteDir>library\lib\armeabi</RemoteDir>
                        <Operation>1</Operation>
                    </Platform>
                </DeployClass>
                <DeployClass Name="AndroidLibnativeMipsFile">
                    <Platform Name="Android">
                        <RemoteDir>library\lib\mips</RemoteDir>
                        <Operation>1</Operation>
                    </Platform>
                </DeployClass>
                <DeployClass Name="AndroidServiceOutput">
                    <Platform Name="Android">
                        <RemoteDir>library\lib\armeabi-v7a</RemoteDir>
                        <Operation>1</Operation>
                    </Platform>
                </DeployClass>
                <DeployClass Name="AndroidSplashImageDef">
                    <Platform Name="Android">
                        <RemoteDir>res\drawable</RemoteDir>
                        <Operation>1</Operation>
                    </Platform>
                </DeployClass>
                <DeployClass Name="AndroidSplashStyles">
                    <Platform Name="Android">
                        <RemoteDir>res\values</RemoteDir>
                        <Operation>1</Operation>
                    </Platform>
                </DeployClass>
                <DeployClass Name="Android_DefaultAppIcon">
                    <Platform Name="Android">
                        <RemoteDir>res\drawable</RemoteDir>
                        <Operation>1</Operation>
                    </Platform>
                </DeployClass>
                <DeployClass Name="Android_LauncherIcon144">
                    <Platform Name="Android">
                        <RemoteDir>res\drawable-xxhdpi</RemoteDir>
                        <Operation>1</Operation>
                    </Platform>
                </DeployClass>
                <DeployClass Name="Android_LauncherIcon36">
                    <Platform Name="Android">
                        <RemoteDir>res\drawable-ldpi</RemoteDir>
                        <Operation>1</Operation>
                    </Platform>
                </DeployClass>
                <DeployClass Name="Android_LauncherIcon48">
                    <Platform Name="Android">
                        <RemoteDir>res\drawable-mdpi</RemoteDir>
                        <Operation>1</Operation>
                    </Platform>
                </DeployClass>
                <DeployClass Name="Android_LauncherIcon72">
                    <Platform Name="Android">
                        <RemoteDir>res\drawable-hdpi</RemoteDir>
                        <Operation>1</Operation>
                    </Platform>
                </DeployClass>
                <DeployClass Name="Android_LauncherIcon96">
                    <Platform Name="Android">
                        <RemoteDir>res\drawable-xhdpi</RemoteDir>
                        <Operation>1</Operation>
                    </Platform>
                </DeployClass>
                <DeployClass Name="Android_SplashImage426">
                    <Platform Name="Android">
                        <RemoteDir>res\drawable-small</RemoteDir>
                        <Operation>1</Operation>
                    </Platform>
                </DeployClass>
                <DeployClass Name="Android_SplashImage470">
                    <Platform Name="Android">
                        <RemoteDir>res\drawable-normal</RemoteDir>
                        <Operation>1</Operation>
                    </Platform>
                </DeployClass>
                <DeployClass Name="Android_SplashImage640">
                    <Platform Name="Android">
                        <RemoteDir>res\drawable-large</RemoteDir>
                        <Operation>1</Operation>
                    </Platform>
                </DeployClass>
                <DeployClass Name="Android_SplashImage960">
                    <Platform Name="Android">
                        <RemoteDir>res\drawable-xlarge</RemoteDir>
                        <Operation>1</Operation>
                    </Platform>
                </DeployClass>
                <DeployClass Name="DebugSymbols">
                    <Platform Name="iOSSimulator">
                        <Operation>1</Operation>
                    </Platform>
                    <Platform Name="OSX32">
                        <RemoteDir>Contents\MacOS</RemoteDir>
                        <Operation>1</Operation>
                    </Platform>
                    <Platform Name="Win32">
                        <Operation>0</Operation>
                    </Platform>
                </DeployClass>
                <DeployClass Name="DependencyFramework">
                    <Platform Name="OSX32">
                        <RemoteDir>Contents\MacOS</RemoteDir>
                        <Operation>1</Operation>
                        <Extensions>.framework</Extensions>
                    </Platform>
                    <Platform Name="Win32">
                        <Operation>0</Operation>
                    </Platform>
                </DeployClass>
                <DeployClass Name="DependencyModule">
                    <Platform Name="iOSDevice32">
                        <Operation>1</Operation>
                        <Extensions>.dylib</Extensions>
                    </Platform>
                    <Platform Name="iOSDevice64">
                        <Operation>1</Operation>
                        <Extensions>.dylib</Extensions>
                    </Platform>
                    <Platform Name="iOSSimulator">
                        <Operation>1</Operation>
                        <Extensions>.dylib</Extensions>
                    </Platform>
                    <Platform Name="OSX32">
                        <RemoteDir>Contents\MacOS</RemoteDir>
                        <Operation>1</Operation>
                        <Extensions>.dylib</Extensions>
                    </Platform>
                    <Platform Name="Win32">
                        <Operation>0</Operation>
                        <Extensions>.dll;.bpl</Extensions>
                    </Platform>
                </DeployClass>
                <DeployClass Required="true" Name="DependencyPackage">
                    <Platform Name="iOSDevice32">
                        <Operation>1</Operation>
                        <Extensions>.dylib</Extensions>
                    </Platform>
                    <Platform Name="iOSDevice64">
                        <Operation>1</Operation>
                        <Extensions>.dylib</Extensions>
                    </Platform>
                    <Platform Name="iOSSimulator">
                        <Operation>1</Operation>
                        <Extensions>.dylib</Extensions>
                    </Platform>
                    <Platform Name="OSX32">
                        <RemoteDir>Contents\MacOS</RemoteDir>
                        <Operation>1</Operation>
                        <Extensions>.dylib</Extensions>
                    </Platform>
                    <Platform Name="Win32">
                        <Operation>0</Operation>
                        <Extensions>.bpl</Extensions>
                    </Platform>
                </DeployClass>
                <DeployClass Name="File">
                    <Platform Name="Android">
                        <Operation>0</Operation>
                    </Platform>
                    <Platform Name="iOSDevice32">
                        <Operation>0</Operation>
                    </Platform>
                    <Platform Name="iOSDevice64">
                        <Operation>0</Operation>
                    </Platform>
                    <Platform Name="iOSSimulator">
                        <Operation>0</Operation>
                    </Platform>
                    <Platform Name="OSX32">
                        <RemoteDir>Contents\Resources\StartUp\</RemoteDir>
                        <Operation>0</Operation>
                    </Platform>
                    <Platform Name="Win32">
                        <Operation>0</Operation>
                    </Platform>
                </DeployClass>
                <DeployClass Name="iPad_Launch1024">
                    <Platform Name="iOSDevice32">
                        <Operation>1</Operation>
                    </Platform>
                    <Platform Name="iOSDevice64">
                        <Operation>1</Operation>
                    </Platform>
                    <Platform Name="iOSSimulator">
                        <Operation>1</Operation>
                    </Platform>
                </DeployClass>
                <DeployClass Name="iPad_Launch1536">
                    <Platform Name="iOSDevice32">
                        <Operation>1</Operation>
                    </Platform>
                    <Platform Name="iOSDevice64">
                        <Operation>1</Operation>
                    </Platform>
                    <Platform Name="iOSSimulator">
                        <Operation>1</Operation>
                    </Platform>
                </DeployClass>
                <DeployClass Name="iPad_Launch2048">
                    <Platform Name="iOSDevice32">
                        <Operation>1</Operation>
                    </Platform>
                    <Platform Name="iOSDevice64">
                        <Operation>1</Operation>
                    </Platform>
                    <Platform Name="iOSSimulator">
                        <Operation>1</Operation>
                    </Platform>
                </DeployClass>
                <DeployClass Name="iPad_Launch768">
                    <Platform Name="iOSDevice32">
                        <Operation>1</Operation>
                    </Platform>
                    <Platform Name="iOSDevice64">
                        <Operation>1</Operation>
                    </Platform>
                    <Platform Name="iOSSimulator">
                        <Operation>1</Operation>
                    </Platform>
                </DeployClass>
                <DeployClass Name="iPhone_Launch320">
                    <Platform Name="iOSDevice32">
                        <Operation>1</Operation>
                    </Platform>
                    <Platform Name="iOSDevice64">
                        <Operation>1</Operation>
                    </Platform>
                    <Platform Name="iOSSimulator">
                        <Operation>1</Operation>
                    </Platform>
                </DeployClass>
                <DeployClass Name="iPhone_Launch640">
                    <Platform Name="iOSDevice32">
                        <Operation>1</Operation>
                    </Platform>
                    <Platform Name="iOSDevice64">
                        <Operation>1</Operation>
                    </Platform>
                    <Platform Name="iOSSimulator">
                        <Operation>1</Operation>
                    </Platform>
                </DeployClass>
                <DeployClass Name="iPhone_Launch640x1136">
                    <Platform Name="iOSDevice32">
                        <Operation>1</Operation>
                    </Platform>
                    <Platform Name="iOSDevice64">
                        <Operation>1</Operation>
                    </Platform>
                    <Platform Name="iOSSimulator">
                        <Operation>1</Operation>
                    </Platform>
                </DeployClass>
                <DeployClass Name="ProjectAndroidManifest">
                    <Platform Name="Android">
                        <Operation>1</Operation>
                    </Platform>
                </DeployClass>
                <DeployClass Name="ProjectiOSDeviceDebug">
                    <Platform Name="iOSDevice32">
                        <RemoteDir>..\$(PROJECTNAME).app.dSYM\Contents\Resources\DWARF</RemoteDir>
                        <Operation>1</Operation>
                    </Platform>
                    <Platform Name="iOSDevice64">
                        <RemoteDir>..\$(PROJECTNAME).app.dSYM\Contents\Resources\DWARF</RemoteDir>
                        <Operation>1</Operation>
                    </Platform>
                </DeployClass>
                <DeployClass Name="ProjectiOSDeviceResourceRules">
                    <Platform Name="iOSDevice32">
                        <Operation>1</Operation>
                    </Platform>
                    <Platform Name="iOSDevice64">
                        <Operation>1</Operation>
                    </Platform>
                </DeployClass>
                <DeployClass Name="ProjectiOSEntitlements">
                    <Platform Name="iOSDevice32">
                        <RemoteDir>..\</RemoteDir>
                        <Operation>1</Operation>
                    </Platform>
                    <Platform Name="iOSDevice64">
                        <RemoteDir>..\</RemoteDir>
                        <Operation>1</Operation>
                    </Platform>
                </DeployClass>
                <DeployClass Name="ProjectiOSInfoPList">
                    <Platform Name="iOSDevice32">
                        <Operation>1</Operation>
                    </Platform>
                    <Platform Name="iOSDevice64">
                        <Operation>1</Operation>
                    </Platform>
                    <Platform Name="iOSSimulator">
                        <Operation>1</Operation>
                    </Platform>
                </DeployClass>
                <DeployClass Name="ProjectiOSResource">
                    <Platform Name="iOSDevice32">
                        <Operation>1</Operation>
                    </Platform>
                    <Platform Name="iOSDevice64">
                        <Operation>1</Operation>
                    </Platform>
                    <Platform Name="iOSSimulator">
                        <Operation>1</Operation>
                    </Platform>
                </DeployClass>
                <DeployClass Name="ProjectOSXEntitlements">
                    <Platform Name="OSX32">
                        <RemoteDir>..\</RemoteDir>
                        <Operation>1</Operation>
                    </Platform>
                </DeployClass>
                <DeployClass Name="ProjectOSXInfoPList">
                    <Platform Name="OSX32">
                        <RemoteDir>Contents</RemoteDir>
                        <Operation>1</Operation>
                    </Platform>
                </DeployClass>
                <DeployClass Name="ProjectOSXResource">
                    <Platform Name="OSX32">
                        <RemoteDir>Contents\Resources</RemoteDir>
                        <Operation>1</Operation>
                    </Platform>
                </DeployClass>
                <DeployClass Required="true" Name="ProjectOutput">
                    <Platform Name="Android">
                        <RemoteDir>library\lib\armeabi-v7a</RemoteDir>
                        <Operation>1</Operation>
                    </Platform>
                    <Platform Name="iOSDevice32">
                        <Operation>1</Operation>
                    </Platform>
                    <Platform Name="iOSDevice64">
                        <Operation>1</Operation>
                    </Platform>
                    <Platform Name="iOSSimulator">
                        <Operation>1</Operation>
                    </Platform>
                    <Platform Name="Linux64">
                        <Operation>1</Operation>
                    </Platform>
                    <Platform Name="OSX32">
                        <RemoteDir>Contents\MacOS</RemoteDir>
                        <Operation>1</Operation>
                    </Platform>
                    <Platform Name="Win32">
                        <Operation>0</Operation>
                    </Platform>
                </DeployClass>
                <DeployClass Name="ProjectUWPManifest">
                    <Platform Name="Win32">
                        <Operation>1</Operation>
                    </Platform>
                    <Platform Name="Win64">
                        <Operation>1</Operation>
                    </Platform>
                </DeployClass>
                <DeployClass Name="UWP_DelphiLogo150">
                    <Platform Name="Win32">
                        <RemoteDir>Assets</RemoteDir>
                        <Operation>1</Operation>
                    </Platform>
                    <Platform Name="Win64">
                        <RemoteDir>Assets</RemoteDir>
                        <Operation>1</Operation>
                    </Platform>
                </DeployClass>
                <DeployClass Name="UWP_DelphiLogo44">
                    <Platform Name="Win32">
                        <RemoteDir>Assets</RemoteDir>
                        <Operation>1</Operation>
                    </Platform>
                    <Platform Name="Win64">
                        <RemoteDir>Assets</RemoteDir>
                        <Operation>1</Operation>
                    </Platform>
                </DeployClass>
                <ProjectRoot Platform="iOSDevice64" Name="$(PROJECTNAME).app"/>
                <ProjectRoot Platform="Win64" Name="$(PROJECTNAME)"/>
                <ProjectRoot Platform="iOSDevice32" Name="$(PROJECTNAME).app"/>
                <ProjectRoot Platform="Linux64" Name="$(PROJECTNAME)"/>
                <ProjectRoot Platform="Win32" Name="$(PROJECTNAME)"/>
                <ProjectRoot Platform="OSX32" Name="$(PROJECTNAME).app"/>
                <ProjectRoot Platform="Android" Name="$(PROJECTNAME)"/>
                <ProjectRoot Platform="iOSSimulator" Name="$(PROJECTNAME).app"/>
            </Deployment>
        </BorlandProject>
        <ProjectFileVersion>12</ProjectFileVersion>
    </ProjectExtensions>
    <Import Project="$(BDS)\Bin\CodeGear.Delphi.Targets"/>
    <ItemGroup>
        <DelphiCompile Include="$(MainSource)">
            <MainSource>MainSource</MainSource>
        </DelphiCompile>
        <DCCReference Include="BibleQuoteUtils.pas"/>
        <DCCReference Include="string_procs.pas"/>
        <DCCReference Include="WCharWindows.pas"/>
        <DCCReference Include="MultiLanguage.pas"/>
        <DCCReference Include="Forms\input.pas">
            <Form>InputForm</Form>
        </DCCReference>
        <DCCReference Include="Forms\copyright.pas">
            <Form>CopyrightForm</Form>
        </DCCReference>
        <DCCReference Include="Forms\config.pas">
            <Form>ConfigForm</Form>
        </DCCReference>
        <DCCReference Include="Dict.pas"/>
        <DCCReference Include="Bible.pas"/>
        <DCCReference Include="AlekPageControl.pas"/>
        <DCCReference Include="BibleQuoteConfig.pas"/>
        <DCCReference Include="XPTheme.pas"/>
        <DCCReference Include="Forms\BQExceptionTracker.pas">
            <Form>bqExceptionForm</Form>
        </DCCReference>
        <DCCReference Include="Forms\qNavTest.pas">
            <Form>frmQNav</Form>
        </DCCReference>
        <DCCReference Include="Forms\VersesDB.pas">
            <Form>VerseListEngine</Form>
            <DesignClass>TDataModule</DesignClass>
        </DCCReference>
        <DCCReference Include="bqHintTools.pas"/>
        <DCCReference Include="bqLinksParserIntf.pas"/>
        <DCCReference Include="sevenZipHelper.pas"/>
        <DCCReference Include="bqContainers.pas"/>
        <DCCReference Include="bqPlainUtils.pas"/>
        <DCCReference Include="bqHistoryContainer.pas"/>
        <DCCReference Include="links_parser.pas"/>
        <DCCReference Include="BibleLinkParser.pas"/>
        <DCCReference Include="Forms\bqCollectionsEdit.pas">
            <Form>bqCollectionsEditor</Form>
        </DCCReference>
        <DCCReference Include="bqGfxRenderers.pas"/>
        <DCCReference Include="bqICommandProcessor.pas"/>
        <DCCReference Include="bqWinUIServices.pas"/>
        <DCCReference Include="bqCommandProcessor.pas"/>
        <DCCReference Include="bqHTMLViewerSite.pas"/>
        <DCCReference Include="bqVdtEditLink.pas"/>
        <DCCReference Include="bqSettings.pas"/>
        <DCCReference Include="Forms\bqCollections.pas">
            <Form>DataModule1</Form>
            <DesignClass>TDataModule</DesignClass>
        </DCCReference>
        <DCCReference Include="bqBackgroundServices.pas"/>
        <DCCReference Include="bqEngine.pas"/>
        <DCCReference Include="bqEngineInterfaces.pas"/>
        <DCCReference Include="Forms\main.pas">
            <Form>MainForm</Form>
            <DesignClass>TTntForm</DesignClass>
        </DCCReference>
        <DCCReference Include="tntSystem.pas"/>
        <DCCReference Include="WCharReader.pas"/>
        <DCCReference Include="Forms\AboutForm.pas">
            <Form>frmAbout</Form>
            <FormType>dfm</FormType>
        </DCCReference>
        <None Include="ModelSupport_BibleQuote6\default.txaPackage"/>
        <BuildConfiguration Include="Debug">
            <Key>Cfg_2</Key>
            <CfgParent>Base</CfgParent>
        </BuildConfiguration>
        <BuildConfiguration Include="Base">
            <Key>Base</Key>
        </BuildConfiguration>
        <BuildConfiguration Include="Release">
            <Key>Cfg_1</Key>
            <CfgParent>Base</CfgParent>
        </BuildConfiguration>
    </ItemGroup>
    <Import Project="$(BDS)\Bin\CodeGear.Delphi.Targets" Condition="Exists('$(BDS)\Bin\CodeGear.Delphi.Targets')"/>
    <Import Project="$(APPDATA)\Embarcadero\$(BDSAPPDATABASEDIR)\$(PRODUCTVERSION)\UserTools.proj" Condition="Exists('$(APPDATA)\Embarcadero\$(BDSAPPDATABASEDIR)\$(PRODUCTVERSION)\UserTools.proj')"/>
    <Import Project="$(MSBuildProjectName).deployproj" Condition="Exists('$(MSBuildProjectName).deployproj')"/>
    <PropertyGroup Condition="'$(Config)'=='Debug' And '$(Platform)'=='Win32'">
        <PreBuildEvent/>
        <PreBuildEventIgnoreExitCode>False</PreBuildEventIgnoreExitCode>
        <PreLinkEvent/>
        <PreLinkEventIgnoreExitCode>False</PreLinkEventIgnoreExitCode>
        <PostBuildEvent>xcopy &quot;$(PROJECTDIR)\res\*.lng&quot; &quot;$(OUTPUTDIR)&quot; /d /s /y&amp;&amp;xcopy &quot;$(PROJECTDIR)\SevenZip\7za.dll&quot; &quot;$(OUTPUTDIR)&quot; /d /y</PostBuildEvent>
        <PostBuildEventIgnoreExitCode>False</PostBuildEventIgnoreExitCode>
    </PropertyGroup>
</Project>
